
Microsoft Visual Studio Solution File, Format Version 12.00
# Visual Studio Version 16
VisualStudioVersion = 16.0.31624.102
MinimumVisualStudioVersion = 10.0.40219.1
Project("{FAE04EC0-301F-11D3-BF4B-00C04F79EFBC}") = "MiPrimeraPagina.UWP", "MiPrimeraPagina\MiPrimeraPagina.UWP\MiPrimeraPagina.UWP.csproj", "{069C759F-F605-41C3-90F6-6FE1B5A4C1B1}"
EndProject
Project("{FAE04EC0-301F-11D3-BF4B-00C04F79EFBC}") = "MiPrimeraPagina.Android", "MiPrimeraPagina\MiPrimeraPagina.Android\MiPrimeraPagina.Android.csproj", "{0A0D2247-4B51-418F-80EC-3F78F8D58229}"
EndProject
Project("{FAE04EC0-301F-11D3-BF4B-00C04F79EFBC}") = "MiPrimeraPagina.iOS", "MiPrimeraPagina\MiPrimeraPagina.iOS\MiPrimeraPagina.iOS.csproj", "{751B5844-6757-4CC2-9113-5017C1923E19}"
EndProject
Project("{FAE04EC0-301F-11D3-BF4B-00C04F79EFBC}") = "MiPrimeraPagina", "MiPrimeraPagina\MiPrimeraPagina\MiPrimeraPagina.csproj", "{FF7BAEF1-4F38-422F-A1ED-0105EF49BF7F}"
EndProject
Global
	GlobalSection(SolutionConfigurationPlatforms) = preSolution
		Debug|Any CPU = Debug|Any CPU
		Debug|ARM = Debug|ARM
		Debug|iPhone = Debug|iPhone
		Debug|iPhoneSimulator = Debug|iPhoneSimulator
		Debug|x64 = Debug|x64
		Debug|x86 = Debug|x86
		Release|Any CPU = Release|Any CPU
		Release|ARM = Release|ARM
		Release|iPhone = Release|iPhone
		Release|iPhoneSimulator = Release|iPhoneSimulator
		Release|x64 = Release|x64
		Release|x86 = Release|x86
	EndGlobalSection
	GlobalSection(ProjectConfigurationPlatforms) = postSolution
		{069C759F-F605-41C3-90F6-6FE1B5A4C1B1}.Debug|Any CPU.ActiveCfg = Debug|x86
		{069C759F-F605-41C3-90F6-6FE1B5A4C1B1}.Debug|Any CPU.Build.0 = Debug|x86
		{069C759F-F605-41C3-90F6-6FE1B5A4C1B1}.Debug|Any CPU.Deploy.0 = Debug|x86
		{069C759F-F605-41C3-90F6-6FE1B5A4C1B1}.Debug|ARM.ActiveCfg = Debug|ARM
		{069C759F-F605-41C3-90F6-6FE1B5A4C1B1}.Debug|ARM.Build.0 = Debug|ARM
		{069C759F-F605-41C3-90F6-6FE1B5A4C1B1}.Debug|ARM.Deploy.0 = Debug|ARM
		{069C759F-F605-41C3-90F6-6FE1B5A4C1B1}.Debug|iPhone.ActiveCfg = Debug|x86
		{069C759F-F605-41C3-90F6-6FE1B5A4C1B1}.Debug|iPhone.Build.0 = Debug|x86
		{069C759F-F605-41C3-90F6-6FE1B5A4C1B1}.Debug|iPhone.Deploy.0 = Debug|x86
		{069C759F-F605-41C3-90F6-6FE1B5A4C1B1}.Debug|iPhoneSimulator.ActiveCfg = Debug|x86
		{069C759F-F605-41C3-90F6-6FE1B5A4C1B1}.Debug|iPhoneSimulator.Build.0 = Debug|x86
		{069C759F-F605-41C3-90F6-6FE1B5A4C1B1}.Debug|iPhoneSimulator.Deploy.0 = Debug|x86
		{069C759F-F605-41C3-90F6-6FE1B5A4C1B1}.Debug|x64.ActiveCfg = Debug|x64
		{069C759F-F605-41C3-90F6-6FE1B5A4C1B1}.Debug|x64.Build.0 = Debug|x64
		{069C759F-F605-41C3-90F6-6FE1B5A4C1B1}.Debug|x64.Deploy.0 = Debug|x64
		{069C759F-F605-41C3-90F6-6FE1B5A4C1B1}.Debug|x86.ActiveCfg = Debug|x86
		{069C759F-F605-41C3-90F6-6FE1B5A4C1B1}.Debug|x86.Build.0 = Debug|x86
		{069C759F-F605-41C3-90F6-6FE1B5A4C1B1}.Debug|x86.Deploy.0 = Debug|x86
		{069C759F-F605-41C3-90F6-6FE1B5A4C1B1}.Release|Any CPU.ActiveCfg = Release|x86
		{069C759F-F605-41C3-90F6-6FE1B5A4C1B1}.Release|Any CPU.Build.0 = Release|x86
		{069C759F-F605-41C3-90F6-6FE1B5A4C1B1}.Release|Any CPU.Deploy.0 = Release|x86
		{069C759F-F605-41C3-90F6-6FE1B5A4C1B1}.Release|ARM.ActiveCfg = Release|ARM
		{069C759F-F605-41C3-90F6-6FE1B5A4C1B1}.Release|ARM.Build.0 = Release|ARM
		{069C759F-F605-41C3-90F6-6FE1B5A4C1B1}.Release|ARM.Deploy.0 = Release|ARM
		{069C759F-F605-41C3-90F6-6FE1B5A4C1B1}.Release|iPhone.ActiveCfg = Release|x86
		{069C759F-F605-41C3-90F6-6FE1B5A4C1B1}.Release|iPhone.Build.0 = Release|x86
		{069C759F-F605-41C3-90F6-6FE1B5A4C1B1}.Release|iPhone.Deploy.0 = Release|x86
		{069C759F-F605-41C3-90F6-6FE1B5A4C1B1}.Release|iPhoneSimulator.ActiveCfg = Release|x86
		{069C759F-F605-41C3-90F6-6FE1B5A4C1B1}.Release|iPhoneSimulator.Build.0 = Release|x86
		{069C759F-F605-41C3-90F6-6FE1B5A4C1B1}.Release|iPhoneSimulator.Deploy.0 = Release|x86
		{069C759F-F605-41C3-90F6-6FE1B5A4C1B1}.Release|x64.ActiveCfg = Release|x64
		{069C759F-F605-41C3-90F6-6FE1B5A4C1B1}.Release|x64.Build.0 = Release|x64
		{069C759F-F605-41C3-90F6-6FE1B5A4C1B1}.Release|x64.Deploy.0 = Release|x64
		{069C759F-F605-41C3-90F6-6FE1B5A4C1B1}.Release|x86.ActiveCfg = Release|x86
		{069C759F-F605-41C3-90F6-6FE1B5A4C1B1}.Release|x86.Build.0 = Release|x86
		{069C759F-F605-41C3-90F6-6FE1B5A4C1B1}.Release|x86.Deploy.0 = Release|x86
		{0A0D2247-4B51-418F-80EC-3F78F8D58229}.Debug|Any CPU.ActiveCfg = Debug|Any CPU
		{0A0D2247-4B51-418F-80EC-3F78F8D58229}.Debug|Any CPU.Build.0 = Debug|Any CPU
		{0A0D2247-4B51-418F-80EC-3F78F8D58229}.Debug|Any CPU.Deploy.0 = Debug|Any CPU
		{0A0D2247-4B51-418F-80EC-3F78F8D58229}.Debug|ARM.ActiveCfg = Debug|Any CPU
		{0A0D2247-4B51-418F-80EC-3F78F8D58229}.Debug|ARM.Build.0 = Debug|Any CPU
		{0A0D2247-4B51-418F-80EC-3F78F8D58229}.Debug|ARM.Deploy.0 = Debug|Any CPU
		{0A0D2247-4B51-418F-80EC-3F78F8D58229}.Debug|iPhone.ActiveCfg = Debug|Any CPU
		{0A0D2247-4B51-418F-80EC-3F78F8D58229}.Debug|iPhone.Build.0 = Debug|Any CPU
		{0A0D2247-4B51-418F-80EC-3F78F8D58229}.Debug|iPhone.Deploy.0 = Debug|Any CPU
		{0A0D2247-4B51-418F-80EC-3F78F8D58229}.Debug|iPhoneSimulator.ActiveCfg = Debug|Any CPU
		{0A0D2247-4B51-418F-80EC-3F78F8D58229}.Debug|iPhoneSimulator.Build.0 = Debug|Any CPU
		{0A0D2247-4B51-418F-80EC-3F78F8D58229}.Debug|iPhoneSimulator.Deploy.0 = Debug|Any CPU
		{0A0D2247-4B51-418F-80EC-3F78F8D58229}.Debug|x64.ActiveCfg = Debug|Any CPU
		{0A0D2247-4B51-418F-80EC-3F78F8D58229}.Debug|x64.Build.0 = Debug|Any CPU
		{0A0D2247-4B51-418F-80EC-3F78F8D58229}.Debug|x64.Deploy.0 = Debug|Any CPU
		{0A0D2247-4B51-418F-80EC-3F78F8D58229}.Debug|x86.ActiveCfg = Debug|Any CPU
		{0A0D2247-4B51-418F-80EC-3F78F8D58229}.Debug|x86.Build.0 = Debug|Any CPU
		{0A0D2247-4B51-418F-80EC-3F78F8D58229}.Debug|x86.Deploy.0 = Debug|Any CPU
		{0A0D2247-4B51-418F-80EC-3F78F8D58229}.Release|Any CPU.ActiveCfg = Release|Any CPU
		{0A0D2247-4B51-418F-80EC-3F78F8D58229}.Release|Any CPU.Build.0 = Release|Any CPU
		{0A0D2247-4B51-418F-80EC-3F78F8D58229}.Release|Any CPU.Deploy.0 = Release|Any CPU
		{0A0D2247-4B51-418F-80EC-3F78F8D58229}.Release|ARM.ActiveCfg = Release|Any CPU
		{0A0D2247-4B51-418F-80EC-3F78F8D58229}.Release|ARM.Build.0 = Release|Any CPU
		{0A0D2247-4B51-418F-80EC-3F78F8D58229}.Release|ARM.Deploy.0 = Release|Any CPU
		{0A0D2247-4B51-418F-80EC-3F78F8D58229}.Release|iPhone.ActiveCfg = Release|Any CPU
		{0A0D2247-4B51-418F-80EC-3F78F8D58229}.Release|iPhone.Build.0 = Release|Any CPU
		{0A0D2247-4B51-418F-80EC-3F78F8D58229}.Release|iPhone.Deploy.0 = Release|Any CPU
		{0A0D2247-4B51-418F-80EC-3F78F8D58229}.Release|iPhoneSimulator.ActiveCfg = Release|Any CPU
		{0A0D2247-4B51-418F-80EC-3F78F8D58229}.Release|iPhoneSimulator.Build.0 = Release|Any CPU
		{0A0D2247-4B51-418F-80EC-3F78F8D58229}.Release|iPhoneSimulator.Deploy.0 = Release|Any CPU
		{0A0D2247-4B51-418F-80EC-3F78F8D58229}.Release|x64.ActiveCfg = Release|Any CPU
		{0A0D2247-4B51-418F-80EC-3F78F8D58229}.Release|x64.Build.0 = Release|Any CPU
		{0A0D2247-4B51-418F-80EC-3F78F8D58229}.Release|x64.Deploy.0 = Release|Any CPU
		{0A0D2247-4B51-418F-80EC-3F78F8D58229}.Release|x86.ActiveCfg = Release|Any CPU
		{0A0D2247-4B51-418F-80EC-3F78F8D58229}.Release|x86.Build.0 = Release|Any CPU
		{0A0D2247-4B51-418F-80EC-3F78F8D58229}.Release|x86.Deploy.0 = Release|Any CPU
		{751B5844-6757-4CC2-9113-5017C1923E19}.Debug|Any CPU.ActiveCfg = Debug|iPhoneSimulator
		{751B5844-6757-4CC2-9113-5017C1923E19}.Debug|Any CPU.Build.0 = Debug|iPhoneSimulator
		{751B5844-6757-4CC2-9113-5017C1923E19}.Debug|Any CPU.Deploy.0 = Debug|iPhoneSimulator
		{751B5844-6757-4CC2-9113-5017C1923E19}.Debug|ARM.ActiveCfg = Debug|iPhone
		{751B5844-6757-4CC2-9113-5017C1923E19}.Debug|ARM.Build.0 = Debug|iPhone
		{751B5844-6757-4CC2-9113-5017C1923E19}.Debug|ARM.Deploy.0 = Debug|iPhone
		{751B5844-6757-4CC2-9113-5017C1923E19}.Debug|iPhone.ActiveCfg = Debug|iPhone
		{751B5844-6757-4CC2-9113-5017C1923E19}.Debug|iPhone.Build.0 = Debug|iPhone
		{751B5844-6757-4CC2-9113-5017C1923E19}.Debug|iPhone.Deploy.0 = Debug|iPhone
		{751B5844-6757-4CC2-9113-5017C1923E19}.Debug|iPhoneSimulator.ActiveCfg = Debug|iPhoneSimulator
		{751B5844-6757-4CC2-9113-5017C1923E19}.Debug|iPhoneSimulator.Build.0 = Debug|iPhoneSimulator
		{751B5844-6757-4CC2-9113-5017C1923E19}.Debug|iPhoneSimulator.Deploy.0 = Debug|iPhoneSimulator
		{751B5844-6757-4CC2-9113-5017C1923E19}.Debug|x64.ActiveCfg = Debug|iPhoneSimulator
		{751B5844-6757-4CC2-9113-5017C1923E19}.Debug|x64.Build.0 = Debug|iPhoneSimulator
		{751B5844-6757-4CC2-9113-5017C1923E19}.Debug|x64.Deploy.0 = Debug|iPhoneSimulator
		{751B5844-6757-4CC2-9113-5017C1923E19}.Debug|x86.ActiveCfg = Debug|iPhoneSimulator
		{751B5844-6757-4CC2-9113-5017C1923E19}.Debug|x86.Build.0 = Debug|iPhoneSimulator
		{751B5844-6757-4CC2-9113-5017C1923E19}.Debug|x86.Deploy.0 = Debug|iPhoneSimulator
		{751B5844-6757-4CC2-9113-5017C1923E19}.Release|Any CPU.ActiveCfg = Release|iPhoneSimulator
		{751B5844-6757-4CC2-9113-5017C1923E19}.Release|Any CPU.Build.0 = Release|iPhoneSimulator
		{751B5844-6757-4CC2-9113-5017C1923E19}.Release|Any CPU.Deploy.0 = Release|iPhoneSimulator
		{751B5844-6757-4CC2-9113-5017C1923E19}.Release|ARM.ActiveCfg = Release|iPhoneSimulator
		{751B5844-6757-4CC2-9113-5017C1923E19}.Release|ARM.Build.0 = Release|iPhoneSimulator
		{751B5844-6757-4CC2-9113-5017C1923E19}.Release|ARM.Deploy.0 = Release|iPhoneSimulator
		{751B5844-6757-4CC2-9113-5017C1923E19}.Release|iPhone.ActiveCfg = Release|iPhone
		{751B5844-6757-4CC2-9113-5017C1923E19}.Release|iPhone.Build.0 = Release|iPhone
		{751B5844-6757-4CC2-9113-5017C1923E19}.Release|iPhone.Deploy.0 = Release|iPhone
		{751B5844-6757-4CC2-9113-5017C1923E19}.Release|iPhoneSimulator.ActiveCfg = Release|iPhoneSimulator
		{751B5844-6757-4CC2-9113-5017C1923E19}.Release|iPhoneSimulator.Build.0 = Release|iPhoneSimulator
		{751B5844-6757-4CC2-9113-5017C1923E19}.Release|iPhoneSimulator.Deploy.0 = Release|iPhoneSimulator
		{751B5844-6757-4CC2-9113-5017C1923E19}.Release|x64.ActiveCfg = Release|iPhoneSimulator
		{751B5844-6757-4CC2-9113-5017C1923E19}.Release|x64.Build.0 = Release|iPhoneSimulator
		{751B5844-6757-4CC2-9113-5017C1923E19}.Release|x64.Deploy.0 = Release|iPhoneSimulator
		{751B5844-6757-4CC2-9113-5017C1923E19}.Release|x86.ActiveCfg = Release|iPhoneSimulator
		{751B5844-6757-4CC2-9113-5017C1923E19}.Release|x86.Build.0 = Release|iPhoneSimulator
		{751B5844-6757-4CC2-9113-5017C1923E19}.Release|x86.Deploy.0 = Release|iPhoneSimulator
		{FF7BAEF1-4F38-422F-A1ED-0105EF49BF7F}.Debug|Any CPU.ActiveCfg = Debug|Any CPU
		{FF7BAEF1-4F38-422F-A1ED-0105EF49BF7F}.Debug|Any CPU.Build.0 = Debug|Any CPU
		{FF7BAEF1-4F38-422F-A1ED-0105EF49BF7F}.Debug|Any CPU.Deploy.0 = Debug|Any CPU
		{FF7BAEF1-4F38-422F-A1ED-0105EF49BF7F}.Debug|ARM.ActiveCfg = Debug|Any CPU
		{FF7BAEF1-4F38-422F-A1ED-0105EF49BF7F}.Debug|ARM.Build.0 = Debug|Any CPU
		{FF7BAEF1-4F38-422F-A1ED-0105EF49BF7F}.Debug|ARM.Deploy.0 = Debug|Any CPU
		{FF7BAEF1-4F38-422F-A1ED-0105EF49BF7F}.Debug|iPhone.ActiveCfg = Debug|Any CPU
		{FF7BAEF1-4F38-422F-A1ED-0105EF49BF7F}.Debug|iPhone.Build.0 = Debug|Any CPU
		{FF7BAEF1-4F38-422F-A1ED-0105EF49BF7F}.Debug|iPhone.Deploy.0 = Debug|Any CPU
		{FF7BAEF1-4F38-422F-A1ED-0105EF49BF7F}.Debug|iPhoneSimulator.ActiveCfg = Debug|Any CPU
		{FF7BAEF1-4F38-422F-A1ED-0105EF49BF7F}.Debug|iPhoneSimulator.Build.0 = Debug|Any CPU
		{FF7BAEF1-4F38-422F-A1ED-0105EF49BF7F}.Debug|iPhoneSimulator.Deploy.0 = Debug|Any CPU
		{FF7BAEF1-4F38-422F-A1ED-0105EF49BF7F}.Debug|x64.ActiveCfg = Debug|Any CPU
		{FF7BAEF1-4F38-422F-A1ED-0105EF49BF7F}.Debug|x64.Build.0 = Debug|Any CPU
		{FF7BAEF1-4F38-422F-A1ED-0105EF49BF7F}.Debug|x64.Deploy.0 = Debug|Any CPU
		{FF7BAEF1-4F38-422F-A1ED-0105EF49BF7F}.Debug|x86.ActiveCfg = Debug|Any CPU
		{FF7BAEF1-4F38-422F-A1ED-0105EF49BF7F}.Debug|x86.Build.0 = Debug|Any CPU
		{FF7BAEF1-4F38-422F-A1ED-0105EF49BF7F}.Debug|x86.Deploy.0 = Debug|Any CPU
		{FF7BAEF1-4F38-422F-A1ED-0105EF49BF7F}.Release|Any CPU.ActiveCfg = Release|Any CPU
		{FF7BAEF1-4F38-422F-A1ED-0105EF49BF7F}.Release|Any CPU.Build.0 = Release|Any CPU
		{FF7BAEF1-4F38-422F-A1ED-0105EF49BF7F}.Release|Any CPU.Deploy.0 = Release|Any CPU
		{FF7BAEF1-4F38-422F-A1ED-0105EF49BF7F}.Release|ARM.ActiveCfg = Release|Any CPU
		{FF7BAEF1-4F38-422F-A1ED-0105EF49BF7F}.Release|ARM.Build.0 = Release|Any CPU
		{FF7BAEF1-4F38-422F-A1ED-0105EF49BF7F}.Release|ARM.Deploy.0 = Release|Any CPU
		{FF7BAEF1-4F38-422F-A1ED-0105EF49BF7F}.Release|iPhone.ActiveCfg = Release|Any CPU
		{FF7BAEF1-4F38-422F-A1ED-0105EF49BF7F}.Release|iPhone.Build.0 = Release|Any CPU
		{FF7BAEF1-4F38-422F-A1ED-0105EF49BF7F}.Release|iPhone.Deploy.0 = Release|Any CPU
		{FF7BAEF1-4F38-422F-A1ED-0105EF49BF7F}.Release|iPhoneSimulator.ActiveCfg = Release|Any CPU
		{FF7BAEF1-4F38-422F-A1ED-0105EF49BF7F}.Release|iPhoneSimulator.Build.0 = Release|Any CPU
		{FF7BAEF1-4F38-422F-A1ED-0105EF49BF7F}.Release|iPhoneSimulator.Deploy.0 = Release|Any CPU
		{FF7BAEF1-4F38-422F-A1ED-0105EF49BF7F}.Release|x64.ActiveCfg = Release|Any CPU
		{FF7BAEF1-4F38-422F-A1ED-0105EF49BF7F}.Release|x64.Build.0 = Release|Any CPU
		{FF7BAEF1-4F38-422F-A1ED-0105EF49BF7F}.Release|x64.Deploy.0 = Release|Any CPU
		{FF7BAEF1-4F38-422F-A1ED-0105EF49BF7F}.Release|x86.ActiveCfg = Release|Any CPU
		{FF7BAEF1-4F38-422F-A1ED-0105EF49BF7F}.Release|x86.Build.0 = Release|Any CPU
		{FF7BAEF1-4F38-422F-A1ED-0105EF49BF7F}.Release|x86.Deploy.0 = Release|Any CPU
	EndGlobalSection
	GlobalSection(SolutionProperties) = preSolution
		HideSolutionNode = FALSE
	EndGlobalSection
	GlobalSection(ExtensibilityGlobals) = postSolution
		SolutionGuid = {B04CF6C1-C85B-49A3-B8EB-0B907793E8B5}
	EndGlobalSection
EndGlobal
